
Microsoft Visual Studio Solution File, Format Version 12.00
# Visual Studio 15
VisualStudioVersion = 15.0.27703.2042
MinimumVisualStudioVersion = 10.0.40219.1
Project("{9A19103F-16F7-4668-BE54-9A1E7A4F7556}") = "PXBetMaster", "PXBetMaster\PXBetMaster.csproj", "{69A48408-86A9-4C0F-8A0F-2D0AC3B9E4BC}"
EndProject
Project("{FAE04EC0-301F-11D3-BF4B-00C04F79EFBC}") = "GamblingCLI", "GamblingCLI\GamblingCLI.csproj", "{1F0E24BE-0212-42F1-AF2E-24ADABCA9488}"
EndProject
Project("{FAE04EC0-301F-11D3-BF4B-00C04F79EFBC}") = "ProfitMaximizer", "ProfitMaximizer\ProfitMaximizer.csproj", "{EABB18EB-8439-4C68-8D3B-49CEA131A3A9}"
EndProject
Project("{FAE04EC0-301F-11D3-BF4B-00C04F79EFBC}") = "PXBetMasterTestProject", "PXBetMasterTestProject\PXBetMasterTestProject.csproj", "{4E78E10C-72F4-4F48-8974-369059E441D2}"
EndProject
Global
	GlobalSection(SolutionConfigurationPlatforms) = preSolution
		Debug|Any CPU = Debug|Any CPU
		Release|Any CPU = Release|Any CPU
	EndGlobalSection
	GlobalSection(ProjectConfigurationPlatforms) = postSolution
		{69A48408-86A9-4C0F-8A0F-2D0AC3B9E4BC}.Debug|Any CPU.ActiveCfg = Debug|Any CPU
		{69A48408-86A9-4C0F-8A0F-2D0AC3B9E4BC}.Debug|Any CPU.Build.0 = Debug|Any CPU
		{69A48408-86A9-4C0F-8A0F-2D0AC3B9E4BC}.Release|Any CPU.ActiveCfg = Release|Any CPU
		{69A48408-86A9-4C0F-8A0F-2D0AC3B9E4BC}.Release|Any CPU.Build.0 = Release|Any CPU
		{1F0E24BE-0212-42F1-AF2E-24ADABCA9488}.Debug|Any CPU.ActiveCfg = Debug|Any CPU
		{1F0E24BE-0212-42F1-AF2E-24ADABCA9488}.Debug|Any CPU.Build.0 = Debug|Any CPU
		{1F0E24BE-0212-42F1-AF2E-24ADABCA9488}.Release|Any CPU.ActiveCfg = Release|Any CPU
		{1F0E24BE-0212-42F1-AF2E-24ADABCA9488}.Release|Any CPU.Build.0 = Release|Any CPU
		{EABB18EB-8439-4C68-8D3B-49CEA131A3A9}.Debug|Any CPU.ActiveCfg = Debug|Any CPU
		{EABB18EB-8439-4C68-8D3B-49CEA131A3A9}.Debug|Any CPU.Build.0 = Debug|Any CPU
		{EABB18EB-8439-4C68-8D3B-49CEA131A3A9}.Release|Any CPU.ActiveCfg = Release|Any CPU
		{EABB18EB-8439-4C68-8D3B-49CEA131A3A9}.Release|Any CPU.Build.0 = Release|Any CPU
		{4E78E10C-72F4-4F48-8974-369059E441D2}.Debug|Any CPU.ActiveCfg = Debug|Any CPU
		{4E78E10C-72F4-4F48-8974-369059E441D2}.Debug|Any CPU.Build.0 = Debug|Any CPU
		{4E78E10C-72F4-4F48-8974-369059E441D2}.Release|Any CPU.ActiveCfg = Release|Any CPU
		{4E78E10C-72F4-4F48-8974-369059E441D2}.Release|Any CPU.Build.0 = Release|Any CPU
	EndGlobalSection
	GlobalSection(SolutionProperties) = preSolution
		HideSolutionNode = FALSE
	EndGlobalSection
	GlobalSection(ExtensibilityGlobals) = postSolution
		SolutionGuid = {8C55A412-9421-4672-9423-347BBE541101}
	EndGlobalSection
EndGlobal
